# THIS IS AN AUTOGENERATED FILE. DO NOT EDIT THIS FILE DIRECTLY.
# yarn lockfile v1


"@types/node@^14.14.37":
  version "14.18.12"
  resolved "https://registry.yarnpkg.com/@types/node/-/node-14.18.12.tgz#0d4557fd3b94497d793efd4e7d92df2f83b4ef24"
  integrity sha512-q4jlIR71hUpWTnGhXWcakgkZeHa3CCjcQcnuzU8M891BAWA2jHiziiWEPEkdS5pFsz7H9HJiy8BrK7tBRNrY7A==

smart-buffer@^4.1.0:
  version "4.2.0"
  resolved "https://registry.yarnpkg.com/smart-buffer/-/smart-buffer-4.2.0.tgz#6e1d71fa4f18c05f7d0ff216dd16a481d0e8d9ae"
  integrity sha512-94hK0Hh8rPqQl2xXc3HsaBoOXKV20MToPkcXvwbISWLEs+64sBq5kFgn2kJDHb1Pry9yrP0dxrCI9RRci7RXKg==
